
Microsoft Visual Studio Solution File, Format Version 12.00
# Visual Studio 15
VisualStudioVersion = 15.0.28307.329
MinimumVisualStudioVersion = 10.0.40219.1
Project("{9A19103F-16F7-4668-BE54-9A1E7A4F7556}") = "Masuit.LuceneEFCore.SearchEngine", "Masuit.LuceneEFCore.SearchEngine\Masuit.LuceneEFCore.SearchEngine.csproj", "{1A9A907B-8254-40EF-BB80-47B716919B07}"
EndProject
Project("{9A19103F-16F7-4668-BE54-9A1E7A4F7556}") = "Masuit.LuceneEFCore.SearchEngine.Test", "Masuit.LuceneEFCore.SearchEngine.Test\Masuit.LuceneEFCore.SearchEngine.Test.csproj", "{0E1A15E2-174C-4FE3-A4CC-A77B9BC326E8}"
EndProject
Global
	GlobalSection(SolutionConfigurationPlatforms) = preSolution
		Debug|Any CPU = Debug|Any CPU
		Release|Any CPU = Release|Any CPU
	EndGlobalSection
	GlobalSection(ProjectConfigurationPlatforms) = postSolution
		{1A9A907B-8254-40EF-BB80-47B716919B07}.Debug|Any CPU.ActiveCfg = Debug|Any CPU
		{1A9A907B-8254-40EF-BB80-47B716919B07}.Debug|Any CPU.Build.0 = Debug|Any CPU
		{1A9A907B-8254-40EF-BB80-47B716919B07}.Release|Any CPU.ActiveCfg = Release|Any CPU
		{1A9A907B-8254-40EF-BB80-47B716919B07}.Release|Any CPU.Build.0 = Release|Any CPU
		{0E1A15E2-174C-4FE3-A4CC-A77B9BC326E8}.Debug|Any CPU.ActiveCfg = Debug|Any CPU
		{0E1A15E2-174C-4FE3-A4CC-A77B9BC326E8}.Debug|Any CPU.Build.0 = Debug|Any CPU
		{0E1A15E2-174C-4FE3-A4CC-A77B9BC326E8}.Release|Any CPU.ActiveCfg = Release|Any CPU
		{0E1A15E2-174C-4FE3-A4CC-A77B9BC326E8}.Release|Any CPU.Build.0 = Release|Any CPU
	EndGlobalSection
	GlobalSection(SolutionProperties) = preSolution
		HideSolutionNode = FALSE
	EndGlobalSection
	GlobalSection(ExtensibilityGlobals) = postSolution
		SolutionGuid = {C5C40C6B-2856-4202-A102-44DD07D576E4}
	EndGlobalSection
EndGlobal
